{
  "name": "tp3-code",
  "lockfileVersion": 2,
  "requires": true,
  "packages": {
    "": {
      "dependencies": {
        "crypto-js": "^3.1.9-1"
      }
    },
    "node_modules/crypto-js": {
      "version": "3.1.9-1",
      "resolved": "https://registry.npmjs.org/crypto-js/-/crypto-js-3.1.9-1.tgz",
      "integrity": "sha512-W93aKztssqf29OvUlqfikzGyYbD1rpkXvGP9IQ1JchLY3bxaLXZSWYbwrtib2vk8DobrDzX7PIXcDWHp0B6Ymw=="
    }
  },
  "dependencies": {
    "crypto-js": {
      "version": "3.1.9-1",
      "resolved": "https://registry.npmjs.org/crypto-js/-/crypto-js-3.1.9-1.tgz",
      "integrity": "sha512-W93aKztssqf29OvUlqfikzGyYbD1rpkXvGP9IQ1JchLY3bxaLXZSWYbwrtib2vk8DobrDzX7PIXcDWHp0B6Ymw=="
    }
  }
}
